
Microsoft Visual Studio Solution File, Format Version 12.00
# Visual Studio Version 17
VisualStudioVersion = 17.11.35312.102
MinimumVisualStudioVersion = 10.0.40219.1
Project("{FAE04EC0-301F-11D3-BF4B-00C04F79EFBC}") = "Greenville Revenue V0.3", "Greenville Revenue V0.3.csproj", "{406931F9-CD1B-48F3-AECD-87C34B235893}"
EndProject
Global
	GlobalSection(SolutionConfigurationPlatforms) = preSolution
		Debug|Any CPU = Debug|Any CPU
		Release|Any CPU = Release|Any CPU
	EndGlobalSection
	GlobalSection(ProjectConfigurationPlatforms) = postSolution
		{406931F9-CD1B-48F3-AECD-87C34B235893}.Debug|Any CPU.ActiveCfg = Debug|Any CPU
		{406931F9-CD1B-48F3-AECD-87C34B235893}.Debug|Any CPU.Build.0 = Debug|Any CPU
		{406931F9-CD1B-48F3-AECD-87C34B235893}.Release|Any CPU.ActiveCfg = Release|Any CPU
		{406931F9-CD1B-48F3-AECD-87C34B235893}.Release|Any CPU.Build.0 = Release|Any CPU
	EndGlobalSection
	GlobalSection(SolutionProperties) = preSolution
		HideSolutionNode = FALSE
	EndGlobalSection
	GlobalSection(ExtensibilityGlobals) = postSolution
		SolutionGuid = {72681601-C772-4D5E-BE02-B19B0DFBB67C}
	EndGlobalSection
EndGlobal
